
Microsoft Visual Studio Solution File, Format Version 12.00
# Visual Studio Version 16
VisualStudioVersion = 16.0.30907.101
MinimumVisualStudioVersion = 10.0.40219.1
Project("{FAE04EC0-301F-11D3-BF4B-00C04F79EFBC}") = "AAEmu.CashShopAdmin", "AAEmu.CashShopAdmin.csproj", "{E399C924-8B69-4A3A-9857-5EADDBFFFF7F}"
EndProject
Global
	GlobalSection(SolutionConfigurationPlatforms) = preSolution
		Debug|Any CPU = Debug|Any CPU
		Release|Any CPU = Release|Any CPU
	EndGlobalSection
	GlobalSection(ProjectConfigurationPlatforms) = postSolution
		{E399C924-8B69-4A3A-9857-5EADDBFFFF7F}.Debug|Any CPU.ActiveCfg = Debug|Any CPU
		{E399C924-8B69-4A3A-9857-5EADDBFFFF7F}.Debug|Any CPU.Build.0 = Debug|Any CPU
		{E399C924-8B69-4A3A-9857-5EADDBFFFF7F}.Release|Any CPU.ActiveCfg = Release|Any CPU
		{E399C924-8B69-4A3A-9857-5EADDBFFFF7F}.Release|Any CPU.Build.0 = Release|Any CPU
	EndGlobalSection
	GlobalSection(SolutionProperties) = preSolution
		HideSolutionNode = FALSE
	EndGlobalSection
	GlobalSection(ExtensibilityGlobals) = postSolution
		SolutionGuid = {AB250DE9-AC57-4190-B433-8E4E948E7389}
	EndGlobalSection
EndGlobal
